
Microsoft Visual Studio Solution File, Format Version 12.00
# Visual Studio Version 17
VisualStudioVersion = 17.12.35707.178
MinimumVisualStudioVersion = 10.0.40219.1
Project("{FAE04EC0-301F-11D3-BF4B-00C04F79EFBC}") = "Techly.Presentation", "TechlyApplication\Techly.Presentation.csproj", "{F3A63C4D-90B8-491E-A812-A75A5980B3F2}"
EndProject
Project("{FAE04EC0-301F-11D3-BF4B-00C04F79EFBC}") = "Techly.BLL", "Techly.BLL\Techly.BLL.csproj", "{1B1EAB60-C845-44B4-9877-E11780D07B7D}"
EndProject
Project("{FAE04EC0-301F-11D3-BF4B-00C04F79EFBC}") = "Techly.DAL", "Techly.DAL\Techly.DAL.csproj", "{77EDD8E9-31E2-4AF9-8C7F-D4A7510C60D7}"
EndProject
Project("{FAE04EC0-301F-11D3-BF4B-00C04F79EFBC}") = "Utility", "Utility\Utility.csproj", "{CEFB2B40-5F8A-46AF-B414-AB57EE73B113}"
EndProject
Project("{E53339B2-1760-4266-BCC7-CA923CBCF16C}") = "docker-compose", "docker-compose.dcproj", "{FC62BBD8-E731-4D67-957A-D66BC0C0B0F5}"
EndProject
Global
	GlobalSection(SolutionConfigurationPlatforms) = preSolution
		Debug|Any CPU = Debug|Any CPU
		Release|Any CPU = Release|Any CPU
	EndGlobalSection
	GlobalSection(ProjectConfigurationPlatforms) = postSolution
		{F3A63C4D-90B8-491E-A812-A75A5980B3F2}.Debug|Any CPU.ActiveCfg = Debug|Any CPU
		{F3A63C4D-90B8-491E-A812-A75A5980B3F2}.Debug|Any CPU.Build.0 = Debug|Any CPU
		{F3A63C4D-90B8-491E-A812-A75A5980B3F2}.Release|Any CPU.ActiveCfg = Release|Any CPU
		{F3A63C4D-90B8-491E-A812-A75A5980B3F2}.Release|Any CPU.Build.0 = Release|Any CPU
		{1B1EAB60-C845-44B4-9877-E11780D07B7D}.Debug|Any CPU.ActiveCfg = Debug|Any CPU
		{1B1EAB60-C845-44B4-9877-E11780D07B7D}.Debug|Any CPU.Build.0 = Debug|Any CPU
		{1B1EAB60-C845-44B4-9877-E11780D07B7D}.Release|Any CPU.ActiveCfg = Release|Any CPU
		{1B1EAB60-C845-44B4-9877-E11780D07B7D}.Release|Any CPU.Build.0 = Release|Any CPU
		{77EDD8E9-31E2-4AF9-8C7F-D4A7510C60D7}.Debug|Any CPU.ActiveCfg = Debug|Any CPU
		{77EDD8E9-31E2-4AF9-8C7F-D4A7510C60D7}.Debug|Any CPU.Build.0 = Debug|Any CPU
		{77EDD8E9-31E2-4AF9-8C7F-D4A7510C60D7}.Release|Any CPU.ActiveCfg = Release|Any CPU
		{77EDD8E9-31E2-4AF9-8C7F-D4A7510C60D7}.Release|Any CPU.Build.0 = Release|Any CPU
		{CEFB2B40-5F8A-46AF-B414-AB57EE73B113}.Debug|Any CPU.ActiveCfg = Debug|Any CPU
		{CEFB2B40-5F8A-46AF-B414-AB57EE73B113}.Debug|Any CPU.Build.0 = Debug|Any CPU
		{CEFB2B40-5F8A-46AF-B414-AB57EE73B113}.Release|Any CPU.ActiveCfg = Release|Any CPU
		{CEFB2B40-5F8A-46AF-B414-AB57EE73B113}.Release|Any CPU.Build.0 = Release|Any CPU
		{FC62BBD8-E731-4D67-957A-D66BC0C0B0F5}.Debug|Any CPU.ActiveCfg = Debug|Any CPU
		{FC62BBD8-E731-4D67-957A-D66BC0C0B0F5}.Debug|Any CPU.Build.0 = Debug|Any CPU
		{FC62BBD8-E731-4D67-957A-D66BC0C0B0F5}.Release|Any CPU.ActiveCfg = Release|Any CPU
		{FC62BBD8-E731-4D67-957A-D66BC0C0B0F5}.Release|Any CPU.Build.0 = Release|Any CPU
	EndGlobalSection
	GlobalSection(SolutionProperties) = preSolution
		HideSolutionNode = FALSE
	EndGlobalSection
EndGlobal
